{
  "nodes": {
    "nixpkgs": {
      "locked": {
        "lastModified": 1784020396,
        "narHash": "sha256-wtTh6wGaU6cLx4jeLMGn1JgiIJNqyHA9pnJXqH413fo=",
        "type": "tarball",
        "url": "https://github.com/NixOS/nixpkgs/archive/f361a82ad8e4170a3bcdcfa7816206d8f5fd066e.tar.gz"
      },
      "original": {
        "type": "tarball",
        "url": "https://github.com/NixOS/nixpkgs/archive/f361a82ad8e4170a3bcdcfa7816206d8f5fd066e.tar.gz"
      }
    },
    "root": {
      "inputs": {
        "nixpkgs": "nixpkgs"
      }
    }
  },
  "root": "root",
  "version": 7
}
